
Microsoft Visual Studio Solution File, Format Version 12.00
Project("{FAE04EC0-301F-11D3-BF4B-00C04F79EFBC}") = "Typro.Presentation", "Typro.Presentation\Typro.Presentation.csproj", "{C9A23554-3FA8-4170-8F02-912DFFBD8CBC}"
EndProject
Project("{FAE04EC0-301F-11D3-BF4B-00C04F79EFBC}") = "Typro.Infrastructure", "Typro.Infrastructure\Typro.Infrastructure.csproj", "{BB65B8B7-558C-480F-8D1F-96B592819003}"
EndProject
Project("{FAE04EC0-301F-11D3-BF4B-00C04F79EFBC}") = "Typro.Application", "Typro.Application\Typro.Application.csproj", "{53BBF808-D9FB-4541-ADA3-CC293E617765}"
EndProject
Project("{FAE04EC0-301F-11D3-BF4B-00C04F79EFBC}") = "Typro.Domain", "Typro.Domain\Typro.Domain.csproj", "{452F2269-76AD-45D1-BF17-7186D6F399D9}"
EndProject
Global
	GlobalSection(SolutionConfigurationPlatforms) = preSolution
		Debug|Any CPU = Debug|Any CPU
		Release|Any CPU = Release|Any CPU
	EndGlobalSection
	GlobalSection(ProjectConfigurationPlatforms) = postSolution
		{C9A23554-3FA8-4170-8F02-912DFFBD8CBC}.Debug|Any CPU.ActiveCfg = Debug|Any CPU
		{C9A23554-3FA8-4170-8F02-912DFFBD8CBC}.Debug|Any CPU.Build.0 = Debug|Any CPU
		{C9A23554-3FA8-4170-8F02-912DFFBD8CBC}.Release|Any CPU.ActiveCfg = Release|Any CPU
		{C9A23554-3FA8-4170-8F02-912DFFBD8CBC}.Release|Any CPU.Build.0 = Release|Any CPU
		{BB65B8B7-558C-480F-8D1F-96B592819003}.Debug|Any CPU.ActiveCfg = Debug|Any CPU
		{BB65B8B7-558C-480F-8D1F-96B592819003}.Debug|Any CPU.Build.0 = Debug|Any CPU
		{BB65B8B7-558C-480F-8D1F-96B592819003}.Release|Any CPU.ActiveCfg = Release|Any CPU
		{BB65B8B7-558C-480F-8D1F-96B592819003}.Release|Any CPU.Build.0 = Release|Any CPU
		{53BBF808-D9FB-4541-ADA3-CC293E617765}.Debug|Any CPU.ActiveCfg = Debug|Any CPU
		{53BBF808-D9FB-4541-ADA3-CC293E617765}.Debug|Any CPU.Build.0 = Debug|Any CPU
		{53BBF808-D9FB-4541-ADA3-CC293E617765}.Release|Any CPU.ActiveCfg = Release|Any CPU
		{53BBF808-D9FB-4541-ADA3-CC293E617765}.Release|Any CPU.Build.0 = Release|Any CPU
		{452F2269-76AD-45D1-BF17-7186D6F399D9}.Debug|Any CPU.ActiveCfg = Debug|Any CPU
		{452F2269-76AD-45D1-BF17-7186D6F399D9}.Debug|Any CPU.Build.0 = Debug|Any CPU
		{452F2269-76AD-45D1-BF17-7186D6F399D9}.Release|Any CPU.ActiveCfg = Release|Any CPU
		{452F2269-76AD-45D1-BF17-7186D6F399D9}.Release|Any CPU.Build.0 = Release|Any CPU
	EndGlobalSection
EndGlobal
