
Microsoft Visual Studio Solution File, Format Version 12.00
# Visual Studio Version 17
VisualStudioVersion = 17.11.35312.102
MinimumVisualStudioVersion = 10.0.40219.1
Project("{FAE04EC0-301F-11D3-BF4B-00C04F79EFBC}") = "Typro.AI.Api", "Typro.AI.Api\Typro.AI.Api.csproj", "{7FB899B4-6B22-4AFD-837E-0F562BB2C85B}"
EndProject
Project("{FAE04EC0-301F-11D3-BF4B-00C04F79EFBC}") = "Typro.AI.Api.Core", "Typro.AI.Api.Core\Typro.AI.Api.Core.csproj", "{1DFC3B29-BAF2-4797-A05B-A860114E7859}"
EndProject
Global
	GlobalSection(SolutionConfigurationPlatforms) = preSolution
		Debug|Any CPU = Debug|Any CPU
		Release|Any CPU = Release|Any CPU
	EndGlobalSection
	GlobalSection(ProjectConfigurationPlatforms) = postSolution
		{7FB899B4-6B22-4AFD-837E-0F562BB2C85B}.Debug|Any CPU.ActiveCfg = Debug|Any CPU
		{7FB899B4-6B22-4AFD-837E-0F562BB2C85B}.Debug|Any CPU.Build.0 = Debug|Any CPU
		{7FB899B4-6B22-4AFD-837E-0F562BB2C85B}.Release|Any CPU.ActiveCfg = Release|Any CPU
		{7FB899B4-6B22-4AFD-837E-0F562BB2C85B}.Release|Any CPU.Build.0 = Release|Any CPU
		{1DFC3B29-BAF2-4797-A05B-A860114E7859}.Debug|Any CPU.ActiveCfg = Debug|Any CPU
		{1DFC3B29-BAF2-4797-A05B-A860114E7859}.Debug|Any CPU.Build.0 = Debug|Any CPU
		{1DFC3B29-BAF2-4797-A05B-A860114E7859}.Release|Any CPU.ActiveCfg = Release|Any CPU
		{1DFC3B29-BAF2-4797-A05B-A860114E7859}.Release|Any CPU.Build.0 = Release|Any CPU
	EndGlobalSection
	GlobalSection(SolutionProperties) = preSolution
		HideSolutionNode = FALSE
	EndGlobalSection
	GlobalSection(ExtensibilityGlobals) = postSolution
		SolutionGuid = {265F96E3-5CD9-4214-A00B-DA9DA54C77CE}
	EndGlobalSection
EndGlobal
